// !$*UTF8*$!
{
	archiveVersion = 1;
	classes = {
	};
	objectVersion = 56;
	objects = {

/* Begin PBXBuildFile section */
		3E03E8282A5D732F00BC4FF2 /* FilterViewModel.swift in Sources */ = {isa = PBXBuildFile; fileRef = 3E03E8272A5D732F00BC4FF2 /* FilterViewModel.swift */; };
		3E03E82C2A5D7AAB00BC4FF2 /* UserRow.swift in Sources */ = {isa = PBXBuildFile; fileRef = 3E03E82B2A5D7AAB00BC4FF2 /* UserRow.swift */; };
		3E03E8312A5DA1F400BC4FF2 /* SideMenu.swift in Sources */ = {isa = PBXBuildFile; fileRef = 3E03E8302A5DA1F400BC4FF2 /* SideMenu.swift */; };
		3E03E8332A5DA38F00BC4FF2 /* UserStatsView.swift in Sources */ = {isa = PBXBuildFile; fileRef = 3E03E8322A5DA38F00BC4FF2 /* UserStatsView.swift */; };
		3E37C8092A5EE02800A17CD9 /* SideMenuOption.swift in Sources */ = {isa = PBXBuildFile; fileRef = 3E37C8082A5EE02800A17CD9 /* SideMenuOption.swift */; };
		3E38EAE62A5981FD00408BB0 /* Mutuals_App.swift in Sources */ = {isa = PBXBuildFile; fileRef = 3E38EAE52A5981FD00408BB0 /* Mutuals_App.swift */; };
		3E38EAE82A5981FD00408BB0 /* ContentView.swift in Sources */ = {isa = PBXBuildFile; fileRef = 3E38EAE72A5981FD00408BB0 /* ContentView.swift */; };
		3E38EAEA2A5981FF00408BB0 /* Assets.xcassets in Resources */ = {isa = PBXBuildFile; fileRef = 3E38EAE92A5981FF00408BB0 /* Assets.xcassets */; };
		3E38EAED2A5981FF00408BB0 /* Preview Assets.xcassets in Resources */ = {isa = PBXBuildFile; fileRef = 3E38EAEC2A5981FF00408BB0 /* Preview Assets.xcassets */; };
		3E38EAF72A598D2200408BB0 /* PostModel.swift in Sources */ = {isa = PBXBuildFile; fileRef = 3E38EAF62A598D2200408BB0 /* PostModel.swift */; };
		3EAA33712A5D56FA00684D8C /* TweetRow.swift in Sources */ = {isa = PBXBuildFile; fileRef = 3EAA33702A5D56FA00684D8C /* TweetRow.swift */; };
		3EAA33752A5D58EF00684D8C /* FeedView.swift in Sources */ = {isa = PBXBuildFile; fileRef = 3EAA33742A5D58EF00684D8C /* FeedView.swift */; };
		3EAA33782A5D5BA300684D8C /* MainTabView.swift in Sources */ = {isa = PBXBuildFile; fileRef = 3EAA33772A5D5BA300684D8C /* MainTabView.swift */; };
		3EAA337E2A5D5BEA00684D8C /* ExploreView.swift in Sources */ = {isa = PBXBuildFile; fileRef = 3EAA337D2A5D5BEA00684D8C /* ExploreView.swift */; };
		3EAA33802A5D5BF400684D8C /* NotificationView.swift in Sources */ = {isa = PBXBuildFile; fileRef = 3EAA337F2A5D5BF400684D8C /* NotificationView.swift */; };
		3EAA33822A5D5C0200684D8C /* MessageView.swift in Sources */ = {isa = PBXBuildFile; fileRef = 3EAA33812A5D5C0200684D8C /* MessageView.swift */; };
		3EAA33842A5D5E9100684D8C /* ProfileView.swift in Sources */ = {isa = PBXBuildFile; fileRef = 3EAA33832A5D5E9100684D8C /* ProfileView.swift */; };
		3EAD314A2A5EC204002A2F29 /* SideMenuViewModel.swift in Sources */ = {isa = PBXBuildFile; fileRef = 3EAD31492A5EC204002A2F29 /* SideMenuViewModel.swift */; };
		3EE5C7802A5FCE8D00CE536F /* ShowNewTweetView.swift in Sources */ = {isa = PBXBuildFile; fileRef = 3EE5C77F2A5FCE8D00CE536F /* ShowNewTweetView.swift */; };
		3EE5C7822A5FD34D00CE536F /* TextArea.swift in Sources */ = {isa = PBXBuildFile; fileRef = 3EE5C7812A5FD34D00CE536F /* TextArea.swift */; };
/* End PBXBuildFile section */

/* Begin PBXFileReference section */
		3E03E8272A5D732F00BC4FF2 /* FilterViewModel.swift */ = {isa = PBXFileReference; lastKnownFileType = sourcecode.swift; path = FilterViewModel.swift; sourceTree = "<group>"; };
		3E03E82B2A5D7AAB00BC4FF2 /* UserRow.swift */ = {isa = PBXFileReference; lastKnownFileType = sourcecode.swift; path = UserRow.swift; sourceTree = "<group>"; };
		3E03E8302A5DA1F400BC4FF2 /* SideMenu.swift */ = {isa = PBXFileReference; lastKnownFileType = sourcecode.swift; path = SideMenu.swift; sourceTree = "<group>"; };
		3E03E8322A5DA38F00BC4FF2 /* UserStatsView.swift */ = {isa = PBXFileReference; lastKnownFileType = sourcecode.swift; path = UserStatsView.swift; sourceTree = "<group>"; };
		3E37C8082A5EE02800A17CD9 /* SideMenuOption.swift */ = {isa = PBXFileReference; lastKnownFileType = sourcecode.swift; path = SideMenuOption.swift; sourceTree = "<group>"; };
		3E38EAE22A5981FD00408BB0 /* Mutuals+.app */ = {isa = PBXFileReference; explicitFileType = wrapper.application; includeInIndex = 0; path = "Mutuals+.app"; sourceTree = BUILT_PRODUCTS_DIR; };
		3E38EAE52A5981FD00408BB0 /* Mutuals_App.swift */ = {isa = PBXFileReference; lastKnownFileType = sourcecode.swift; path = Mutuals_App.swift; sourceTree = "<group>"; };
		3E38EAE72A5981FD00408BB0 /* ContentView.swift */ = {isa = PBXFileReference; lastKnownFileType = sourcecode.swift; path = ContentView.swift; sourceTree = "<group>"; };
		3E38EAE92A5981FF00408BB0 /* Assets.xcassets */ = {isa = PBXFileReference; lastKnownFileType = folder.assetcatalog; path = Assets.xcassets; sourceTree = "<group>"; };
		3E38EAEC2A5981FF00408BB0 /* Preview Assets.xcassets */ = {isa = PBXFileReference; lastKnownFileType = folder.assetcatalog; path = "Preview Assets.xcassets"; sourceTree = "<group>"; };
		3E38EAF62A598D2200408BB0 /* PostModel.swift */ = {isa = PBXFileReference; lastKnownFileType = sourcecode.swift; path = PostModel.swift; sourceTree = "<group>"; };
		3EAA33702A5D56FA00684D8C /* TweetRow.swift */ = {isa = PBXFileReference; lastKnownFileType = sourcecode.swift; path = TweetRow.swift; sourceTree = "<group>"; };
		3EAA33742A5D58EF00684D8C /* FeedView.swift */ = {isa = PBXFileReference; lastKnownFileType = sourcecode.swift; path = FeedView.swift; sourceTree = "<group>"; };
		3EAA33772A5D5BA300684D8C /* MainTabView.swift */ = {isa = PBXFileReference; lastKnownFileType = sourcecode.swift; path = MainTabView.swift; sourceTree = "<group>"; };
		3EAA337D2A5D5BEA00684D8C /* ExploreView.swift */ = {isa = PBXFileReference; lastKnownFileType = sourcecode.swift; path = ExploreView.swift; sourceTree = "<group>"; };
		3EAA337F2A5D5BF400684D8C /* NotificationView.swift */ = {isa = PBXFileReference; lastKnownFileType = sourcecode.swift; path = NotificationView.swift; sourceTree = "<group>"; };
		3EAA33812A5D5C0200684D8C /* MessageView.swift */ = {isa = PBXFileReference; lastKnownFileType = sourcecode.swift; path = MessageView.swift; sourceTree = "<group>"; };
		3EAA33832A5D5E9100684D8C /* ProfileView.swift */ = {isa = PBXFileReference; lastKnownFileType = sourcecode.swift; path = ProfileView.swift; sourceTree = "<group>"; };
		3EAD31492A5EC204002A2F29 /* SideMenuViewModel.swift */ = {isa = PBXFileReference; lastKnownFileType = sourcecode.swift; path = SideMenuViewModel.swift; sourceTree = "<group>"; };
		3EE5C77F2A5FCE8D00CE536F /* ShowNewTweetView.swift */ = {isa = PBXFileReference; lastKnownFileType = sourcecode.swift; path = ShowNewTweetView.swift; sourceTree = "<group>"; };
		3EE5C7812A5FD34D00CE536F /* TextArea.swift */ = {isa = PBXFileReference; lastKnownFileType = sourcecode.swift; path = TextArea.swift; sourceTree = "<group>"; };
/* End PBXFileReference section */

/* Begin PBXFrameworksBuildPhase section */
		3E38EADF2A5981FD00408BB0 /* Frameworks */ = {
			isa = PBXFrameworksBuildPhase;
			buildActionMask = 2147483647;
			files = (
			);
			runOnlyForDeploymentPostprocessing = 0;
		};
/* End PBXFrameworksBuildPhase section */

/* Begin PBXGroup section */
		3E03E8232A5D72F600BC4FF2 /* views */ = {
			isa = PBXGroup;
			children = (
			);
			path = views;
			sourceTree = "<group>";
		};
		3E03E8242A5D72FE00BC4FF2 /* ViewModel */ = {
			isa = PBXGroup;
			children = (
				3E03E8272A5D732F00BC4FF2 /* FilterViewModel.swift */,
			);
			path = ViewModel;
			sourceTree = "<group>";
		};
		3E03E8292A5D7A8B00BC4FF2 /* views */ = {
			isa = PBXGroup;
			children = (
				3EAA337D2A5D5BEA00684D8C /* ExploreView.swift */,
			);
			path = views;
			sourceTree = "<group>";
		};
		3E03E82A2A5D7A9000BC4FF2 /* vViewModel */ = {
			isa = PBXGroup;
			children = (
			);
			path = vViewModel;
			sourceTree = "<group>";
		};
		3E03E82D2A5DA1C600BC4FF2 /* sideMenu */ = {
			isa = PBXGroup;
			children = (
				3E03E82F2A5DA1D900BC4FF2 /* views */,
				3E03E82E2A5DA1CD00BC4FF2 /* viewModel */,
			);
			path = sideMenu;
			sourceTree = "<group>";
		};
		3E03E82E2A5DA1CD00BC4FF2 /* viewModel */ = {
			isa = PBXGroup;
			children = (
				3EAD31492A5EC204002A2F29 /* SideMenuViewModel.swift */,
			);
			path = viewModel;
			sourceTree = "<group>";
		};
		3E03E82F2A5DA1D900BC4FF2 /* views */ = {
			isa = PBXGroup;
			children = (
				3E03E8302A5DA1F400BC4FF2 /* SideMenu.swift */,
				3E37C8082A5EE02800A17CD9 /* SideMenuOption.swift */,
			);
			path = views;
			sourceTree = "<group>";
		};
		3E38EAD92A5981FD00408BB0 = {
			isa = PBXGroup;
			children = (
				3E38EAE42A5981FD00408BB0 /* Mutuals+ */,
				3E38EAE32A5981FD00408BB0 /* Products */,
			);
			sourceTree = "<group>";
		};
		3E38EAE32A5981FD00408BB0 /* Products */ = {
			isa = PBXGroup;
			children = (
				3E38EAE22A5981FD00408BB0 /* Mutuals+.app */,
			);
			name = Products;
			sourceTree = "<group>";
		};
		3E38EAE42A5981FD00408BB0 /* Mutuals+ */ = {
			isa = PBXGroup;
			children = (
				3EAA336E2A5D56E400684D8C /* Core */,
				3E38EAF52A598D1600408BB0 /* Model */,
				3E38EAE52A5981FD00408BB0 /* Mutuals_App.swift */,
				3E38EAE72A5981FD00408BB0 /* ContentView.swift */,
				3E38EAE92A5981FF00408BB0 /* Assets.xcassets */,
				3E38EAEB2A5981FF00408BB0 /* Preview Content */,
			);
			path = "Mutuals+";
			sourceTree = "<group>";
		};
		3E38EAEB2A5981FF00408BB0 /* Preview Content */ = {
			isa = PBXGroup;
			children = (
				3E38EAEC2A5981FF00408BB0 /* Preview Assets.xcassets */,
			);
			path = "Preview Content";
			sourceTree = "<group>";
		};
		3E38EAF52A598D1600408BB0 /* Model */ = {
			isa = PBXGroup;
			children = (
				3E38EAF62A598D2200408BB0 /* PostModel.swift */,
			);
			path = Model;
			sourceTree = "<group>";
		};
		3EAA336E2A5D56E400684D8C /* Core */ = {
			isa = PBXGroup;
			children = (
				3E03E82D2A5DA1C600BC4FF2 /* sideMenu */,
				3EAA337C2A5D5BD900684D8C /* Profile */,
				3EAA337B2A5D5BC300684D8C /* message */,
				3EAA337A2A5D5BB900684D8C /* notifications */,
				3EAA33792A5D5BAF00684D8C /* explore */,
				3EAA33762A5D5B9500684D8C /* MainTab */,
				3EAA33732A5D58DD00684D8C /* Feed */,
				3EAA336F2A5D56ED00684D8C /* Component */,
			);
			path = Core;
			sourceTree = "<group>";
		};
		3EAA336F2A5D56ED00684D8C /* Component */ = {
			isa = PBXGroup;
			children = (
				3EAA33702A5D56FA00684D8C /* TweetRow.swift */,
				3E03E82B2A5D7AAB00BC4FF2 /* UserRow.swift */,
				3E03E8322A5DA38F00BC4FF2 /* UserStatsView.swift */,
				3EE5C7812A5FD34D00CE536F /* TextArea.swift */,
			);
			path = Component;
			sourceTree = "<group>";
		};
		3EAA33732A5D58DD00684D8C /* Feed */ = {
			isa = PBXGroup;
			children = (
				3EAA33742A5D58EF00684D8C /* FeedView.swift */,
				3EE5C77F2A5FCE8D00CE536F /* ShowNewTweetView.swift */,
			);
			path = Feed;
			sourceTree = "<group>";
		};
		3EAA33762A5D5B9500684D8C /* MainTab */ = {
			isa = PBXGroup;
			children = (
				3EAA33772A5D5BA300684D8C /* MainTabView.swift */,
			);
			path = MainTab;
			sourceTree = "<group>";
		};
		3EAA33792A5D5BAF00684D8C /* explore */ = {
			isa = PBXGroup;
			children = (
				3E03E82A2A5D7A9000BC4FF2 /* vViewModel */,
				3E03E8292A5D7A8B00BC4FF2 /* views */,
			);
			path = explore;
			sourceTree = "<group>";
		};
		3EAA337A2A5D5BB900684D8C /* notifications */ = {
			isa = PBXGroup;
			children = (
				3EAA337F2A5D5BF400684D8C /* NotificationView.swift */,
			);
			path = notifications;
			sourceTree = "<group>";
		};
		3EAA337B2A5D5BC300684D8C /* message */ = {
			isa = PBXGroup;
			children = (
				3EAA33812A5D5C0200684D8C /* MessageView.swift */,
			);
			path = message;
			sourceTree = "<group>";
		};
		3EAA337C2A5D5BD900684D8C /* Profile */ = {
			isa = PBXGroup;
			children = (
				3E03E8242A5D72FE00BC4FF2 /* ViewModel */,
				3E03E8232A5D72F600BC4FF2 /* views */,
				3EAA33832A5D5E9100684D8C /* ProfileView.swift */,
			);
			path = Profile;
			sourceTree = "<group>";
		};
/* End PBXGroup section */

/* Begin PBXNativeTarget section */
		3E38EAE12A5981FD00408BB0 /* Mutuals+ */ = {
			isa = PBXNativeTarget;
			buildConfigurationList = 3E38EAF02A5981FF00408BB0 /* Build configuration list for PBXNativeTarget "Mutuals+" */;
			buildPhases = (
				3E38EADE2A5981FD00408BB0 /* Sources */,
				3E38EADF2A5981FD00408BB0 /* Frameworks */,
				3E38EAE02A5981FD00408BB0 /* Resources */,
			);
			buildRules = (
			);
			dependencies = (
			);
			name = "Mutuals+";
			productName = "Mutuals+";
			productReference = 3E38EAE22A5981FD00408BB0 /* Mutuals+.app */;
			productType = "com.apple.product-type.application";
		};
/* End PBXNativeTarget section */

/* Begin PBXProject section */
		3E38EADA2A5981FD00408BB0 /* Project object */ = {
			isa = PBXProject;
			attributes = {
				BuildIndependentTargetsInParallel = 1;
				LastSwiftUpdateCheck = 1430;
				LastUpgradeCheck = 1430;
				TargetAttributes = {
					3E38EAE12A5981FD00408BB0 = {
						CreatedOnToolsVersion = 14.3;
					};
				};
			};
			buildConfigurationList = 3E38EADD2A5981FD00408BB0 /* Build configuration list for PBXProject "Mutuals+" */;
			compatibilityVersion = "Xcode 14.0";
			developmentRegion = en;
			hasScannedForEncodings = 0;
			knownRegions = (
				en,
				Base,
			);
			mainGroup = 3E38EAD92A5981FD00408BB0;
			productRefGroup = 3E38EAE32A5981FD00408BB0 /* Products */;
			projectDirPath = "";
			projectRoot = "";
			targets = (
				3E38EAE12A5981FD00408BB0 /* Mutuals+ */,
			);
		};
/* End PBXProject section */

/* Begin PBXResourcesBuildPhase section */
		3E38EAE02A5981FD00408BB0 /* Resources */ = {
			isa = PBXResourcesBuildPhase;
			buildActionMask = 2147483647;
			files = (
				3E38EAED2A5981FF00408BB0 /* Preview Assets.xcassets in Resources */,
				3E38EAEA2A5981FF00408BB0 /* Assets.xcassets in Resources */,
			);
			runOnlyForDeploymentPostprocessing = 0;
		};
/* End PBXResourcesBuildPhase section */

/* Begin PBXSourcesBuildPhase section */
		3E38EADE2A5981FD00408BB0 /* Sources */ = {
			isa = PBXSourcesBuildPhase;
			buildActionMask = 2147483647;
			files = (
				3EAA337E2A5D5BEA00684D8C /* ExploreView.swift in Sources */,
				3EAA33752A5D58EF00684D8C /* FeedView.swift in Sources */,
				3E37C8092A5EE02800A17CD9 /* SideMenuOption.swift in Sources */,
				3EAA33842A5D5E9100684D8C /* ProfileView.swift in Sources */,
				3E03E82C2A5D7AAB00BC4FF2 /* UserRow.swift in Sources */,
				3E38EAE82A5981FD00408BB0 /* ContentView.swift in Sources */,
				3EE5C7802A5FCE8D00CE536F /* ShowNewTweetView.swift in Sources */,
				3EE5C7822A5FD34D00CE536F /* TextArea.swift in Sources */,
				3EAA33822A5D5C0200684D8C /* MessageView.swift in Sources */,
				3EAA33802A5D5BF400684D8C /* NotificationView.swift in Sources */,
				3E03E8332A5DA38F00BC4FF2 /* UserStatsView.swift in Sources */,
				3E38EAF72A598D2200408BB0 /* PostModel.swift in Sources */,
				3E03E8312A5DA1F400BC4FF2 /* SideMenu.swift in Sources */,
				3EAA33712A5D56FA00684D8C /* TweetRow.swift in Sources */,
				3E03E8282A5D732F00BC4FF2 /* FilterViewModel.swift in Sources */,
				3E38EAE62A5981FD00408BB0 /* Mutuals_App.swift in Sources */,
				3EAD314A2A5EC204002A2F29 /* SideMenuViewModel.swift in Sources */,
				3EAA33782A5D5BA300684D8C /* MainTabView.swift in Sources */,
			);
			runOnlyForDeploymentPostprocessing = 0;
		};
/* End PBXSourcesBuildPhase section */

/* Begin XCBuildConfiguration section */
		3E38EAEE2A5981FF00408BB0 /* Debug */ = {
			isa = XCBuildConfiguration;
			buildSettings = {
				ALWAYS_SEARCH_USER_PATHS = NO;
				CLANG_ANALYZER_NONNULL = YES;
				CLANG_ANALYZER_NUMBER_OBJECT_CONVERSION = YES_AGGRESSIVE;
				CLANG_CXX_LANGUAGE_STANDARD = "gnu++20";
				CLANG_ENABLE_MODULES = YES;
				CLANG_ENABLE_OBJC_ARC = YES;
				CLANG_ENABLE_OBJC_WEAK = YES;
				CLANG_WARN_BLOCK_CAPTURE_AUTORELEASING = YES;
				CLANG_WARN_BOOL_CONVERSION = YES;
				CLANG_WARN_COMMA = YES;
				CLANG_WARN_CONSTANT_CONVERSION = YES;
				CLANG_WARN_DEPRECATED_OBJC_IMPLEMENTATIONS = YES;
				CLANG_WARN_DIRECT_OBJC_ISA_USAGE = YES_ERROR;
				CLANG_WARN_DOCUMENTATION_COMMENTS = YES;
				CLANG_WARN_EMPTY_BODY = YES;
				CLANG_WARN_ENUM_CONVERSION = YES;
				CLANG_WARN_INFINITE_RECURSION = YES;
				CLANG_WARN_INT_CONVERSION = YES;
				CLANG_WARN_NON_LITERAL_NULL_CONVERSION = YES;
				CLANG_WARN_OBJC_IMPLICIT_RETAIN_SELF = YES;
				CLANG_WARN_OBJC_LITERAL_CONVERSION = YES;
				CLANG_WARN_OBJC_ROOT_CLASS = YES_ERROR;
				CLANG_WARN_QUOTED_INCLUDE_IN_FRAMEWORK_HEADER = YES;
				CLANG_WARN_RANGE_LOOP_ANALYSIS = YES;
				CLANG_WARN_STRICT_PROTOTYPES = YES;
				CLANG_WARN_SUSPICIOUS_MOVE = YES;
				CLANG_WARN_UNGUARDED_AVAILABILITY = YES_AGGRESSIVE;
				CLANG_WARN_UNREACHABLE_CODE = YES;
				CLANG_WARN__DUPLICATE_METHOD_MATCH = YES;
				COPY_PHASE_STRIP = NO;
				DEBUG_INFORMATION_FORMAT = dwarf;
				ENABLE_STRICT_OBJC_MSGSEND = YES;
				ENABLE_TESTABILITY = YES;
				GCC_C_LANGUAGE_STANDARD = gnu11;
				GCC_DYNAMIC_NO_PIC = NO;
				GCC_NO_COMMON_BLOCKS = YES;
				GCC_OPTIMIZATION_LEVEL = 0;
				GCC_PREPROCESSOR_DEFINITIONS = (
					"DEBUG=1",
					"$(inherited)",
				);
				GCC_WARN_64_TO_32_BIT_CONVERSION = YES;
				GCC_WARN_ABOUT_RETURN_TYPE = YES_ERROR;
				GCC_WARN_UNDECLARED_SELECTOR = YES;
				GCC_WARN_UNINITIALIZED_AUTOS = YES_AGGRESSIVE;
				GCC_WARN_UNUSED_FUNCTION = YES;
				GCC_WARN_UNUSED_VARIABLE = YES;
				IPHONEOS_DEPLOYMENT_TARGET = 16.4;
				MTL_ENABLE_DEBUG_INFO = INCLUDE_SOURCE;
				MTL_FAST_MATH = YES;
				ONLY_ACTIVE_ARCH = YES;
				SDKROOT = iphoneos;
				SWIFT_ACTIVE_COMPILATION_CONDITIONS = DEBUG;
				SWIFT_OPTIMIZATION_LEVEL = "-Onone";
			};
			name = Debug;
		};
		3E38EAEF2A5981FF00408BB0 /* Release */ = {
			isa = XCBuildConfiguration;
			buildSettings = {
				ALWAYS_SEARCH_USER_PATHS = NO;
				CLANG_ANALYZER_NONNULL = YES;
				CLANG_ANALYZER_NUMBER_OBJECT_CONVERSION = YES_AGGRESSIVE;
				CLANG_CXX_LANGUAGE_STANDARD = "gnu++20";
				CLANG_ENABLE_MODULES = YES;
				CLANG_ENABLE_OBJC_ARC = YES;
				CLANG_ENABLE_OBJC_WEAK = YES;
				CLANG_WARN_BLOCK_CAPTURE_AUTORELEASING = YES;
				CLANG_WARN_BOOL_CONVERSION = YES;
				CLANG_WARN_COMMA = YES;
				CLANG_WARN_CONSTANT_CONVERSION = YES;
				CLANG_WARN_DEPRECATED_OBJC_IMPLEMENTATIONS = YES;
				CLANG_WARN_DIRECT_OBJC_ISA_USAGE = YES_ERROR;
				CLANG_WARN_DOCUMENTATION_COMMENTS = YES;
				CLANG_WARN_EMPTY_BODY = YES;
				CLANG_WARN_ENUM_CONVERSION = YES;
				CLANG_WARN_INFINITE_RECURSION = YES;
				CLANG_WARN_INT_CONVERSION = YES;
				CLANG_WARN_NON_LITERAL_NULL_CONVERSION = YES;
				CLANG_WARN_OBJC_IMPLICIT_RETAIN_SELF = YES;
				CLANG_WARN_OBJC_LITERAL_CONVERSION = YES;
				CLANG_WARN_OBJC_ROOT_CLASS = YES_ERROR;
				CLANG_WARN_QUOTED_INCLUDE_IN_FRAMEWORK_HEADER = YES;
				CLANG_WARN_RANGE_LOOP_ANALYSIS = YES;
				CLANG_WARN_STRICT_PROTOTYPES = YES;
				CLANG_WARN_SUSPICIOUS_MOVE = YES;
				CLANG_WARN_UNGUARDED_AVAILABILITY = YES_AGGRESSIVE;
				CLANG_WARN_UNREACHABLE_CODE = YES;
				CLANG_WARN__DUPLICATE_METHOD_MATCH = YES;
				COPY_PHASE_STRIP = NO;
				DEBUG_INFORMATION_FORMAT = "dwarf-with-dsym";
				ENABLE_NS_ASSERTIONS = NO;
				ENABLE_STRICT_OBJC_MSGSEND = YES;
				GCC_C_LANGUAGE_STANDARD = gnu11;
				GCC_NO_COMMON_BLOCKS = YES;
				GCC_WARN_64_TO_32_BIT_CONVERSION = YES;
				GCC_WARN_ABOUT_RETURN_TYPE = YES_ERROR;
				GCC_WARN_UNDECLARED_SELECTOR = YES;
				GCC_WARN_UNINITIALIZED_AUTOS = YES_AGGRESSIVE;
				GCC_WARN_UNUSED_FUNCTION = YES;
				GCC_WARN_UNUSED_VARIABLE = YES;
				IPHONEOS_DEPLOYMENT_TARGET = 16.4;
				MTL_ENABLE_DEBUG_INFO = NO;
				MTL_FAST_MATH = YES;
				SDKROOT = iphoneos;
				SWIFT_COMPILATION_MODE = wholemodule;
				SWIFT_OPTIMIZATION_LEVEL = "-O";
				VALIDATE_PRODUCT = YES;
			};
			name = Release;
		};
		3E38EAF12A5981FF00408BB0 /* Debug */ = {
			isa = XCBuildConfiguration;
			buildSettings = {
				ASSETCATALOG_COMPILER_APPICON_NAME = AppIcon;
				ASSETCATALOG_COMPILER_GLOBAL_ACCENT_COLOR_NAME = AccentColor;
				CODE_SIGN_STYLE = Automatic;
				CURRENT_PROJECT_VERSION = 1;
				DEVELOPMENT_ASSET_PATHS = "\"Mutuals+/Preview Content\"";
				DEVELOPMENT_TEAM = KM6L8N2UZF;
				ENABLE_PREVIEWS = YES;
				GENERATE_INFOPLIST_FILE = YES;
				INFOPLIST_KEY_UIApplicationSceneManifest_Generation = YES;
				INFOPLIST_KEY_UIApplicationSupportsIndirectInputEvents = YES;
				INFOPLIST_KEY_UILaunchScreen_Generation = YES;
				INFOPLIST_KEY_UISupportedInterfaceOrientations_iPad = "UIInterfaceOrientationPortrait UIInterfaceOrientationPortraitUpsideDown UIInterfaceOrientationLandscapeLeft UIInterfaceOrientationLandscapeRight";
				INFOPLIST_KEY_UISupportedInterfaceOrientations_iPhone = "UIInterfaceOrientationPortrait UIInterfaceOrientationLandscapeLeft UIInterfaceOrientationLandscapeRight";
				LD_RUNPATH_SEARCH_PATHS = (
					"$(inherited)",
					"@executable_path/Frameworks",
				);
				MARKETING_VERSION = 1.0;
				PRODUCT_BUNDLE_IDENTIFIER = "example.com.Mutuals-";
				PRODUCT_NAME = "$(TARGET_NAME)";
				SWIFT_EMIT_LOC_STRINGS = YES;
				SWIFT_VERSION = 5.0;
				TARGETED_DEVICE_FAMILY = "1,2";
			};
			name = Debug;
		};
		3E38EAF22A5981FF00408BB0 /* Release */ = {
			isa = XCBuildConfiguration;
			buildSettings = {
				ASSETCATALOG_COMPILER_APPICON_NAME = AppIcon;
				ASSETCATALOG_COMPILER_GLOBAL_ACCENT_COLOR_NAME = AccentColor;
				CODE_SIGN_STYLE = Automatic;
				CURRENT_PROJECT_VERSION = 1;
				DEVELOPMENT_ASSET_PATHS = "\"Mutuals+/Preview Content\"";
				DEVELOPMENT_TEAM = KM6L8N2UZF;
				ENABLE_PREVIEWS = YES;
				GENERATE_INFOPLIST_FILE = YES;
				INFOPLIST_KEY_UIApplicationSceneManifest_Generation = YES;
				INFOPLIST_KEY_UIApplicationSupportsIndirectInputEvents = YES;
				INFOPLIST_KEY_UILaunchScreen_Generation = YES;
				INFOPLIST_KEY_UISupportedInterfaceOrientations_iPad = "UIInterfaceOrientationPortrait UIInterfaceOrientationPortraitUpsideDown UIInterfaceOrientationLandscapeLeft UIInterfaceOrientationLandscapeRight";
				INFOPLIST_KEY_UISupportedInterfaceOrientations_iPhone = "UIInterfaceOrientationPortrait UIInterfaceOrientationLandscapeLeft UIInterfaceOrientationLandscapeRight";
				LD_RUNPATH_SEARCH_PATHS = (
					"$(inherited)",
					"@executable_path/Frameworks",
				);
				MARKETING_VERSION = 1.0;
				PRODUCT_BUNDLE_IDENTIFIER = "example.com.Mutuals-";
				PRODUCT_NAME = "$(TARGET_NAME)";
				SWIFT_EMIT_LOC_STRINGS = YES;
				SWIFT_VERSION = 5.0;
				TARGETED_DEVICE_FAMILY = "1,2";
			};
			name = Release;
		};
/* End XCBuildConfiguration section */

/* Begin XCConfigurationList section */
		3E38EADD2A5981FD00408BB0 /* Build configuration list for PBXProject "Mutuals+" */ = {
			isa = XCConfigurationList;
			buildConfigurations = (
				3E38EAEE2A5981FF00408BB0 /* Debug */,
				3E38EAEF2A5981FF00408BB0 /* Release */,
			);
			defaultConfigurationIsVisible = 0;
			defaultConfigurationName = Release;
		};
		3E38EAF02A5981FF00408BB0 /* Build configuration list for PBXNativeTarget "Mutuals+" */ = {
			isa = XCConfigurationList;
			buildConfigurations = (
				3E38EAF12A5981FF00408BB0 /* Debug */,
				3E38EAF22A5981FF00408BB0 /* Release */,
			);
			defaultConfigurationIsVisible = 0;
			defaultConfigurationName = Release;
		};
/* End XCConfigurationList section */
	};
	rootObject = 3E38EADA2A5981FD00408BB0 /* Project object */;
}
